
Microsoft Visual Studio Solution File, Format Version 12.00
# Visual Studio 2012
Project("{CC5FD16D-436D-48AD-A40C-5A424C6E3E79}") = "AzureTraining.CloudService", "AzureTraining.CloudService\AzureTraining.CloudService.ccproj", "{B576C856-1EB9-42BE-A68F-A21B8DDB3E24}"
EndProject
Project("{FAE04EC0-301F-11D3-BF4B-00C04F79EFBC}") = "AzureTraining.Web", "AzureTraining.Web\AzureTraining.Web.csproj", "{AA4A93CE-D263-44A8-8F46-74FF4A5384F3}"
EndProject
Project("{FAE04EC0-301F-11D3-BF4B-00C04F79EFBC}") = "AzureTraining.Worker", "AzureTraining.Worker\AzureTraining.Worker.csproj", "{15B3E0D2-6217-493A-A690-158C497F5318}"
EndProject
Project("{2150E333-8FDC-42A3-9474-1A3956D46DE8}") = ".nuget", ".nuget", "{94FFE9E2-22D9-4E64-8E32-968FE8161332}"
	ProjectSection(SolutionItems) = preProject
		.nuget\NuGet.Config = .nuget\NuGet.Config
		.nuget\NuGet.exe = .nuget\NuGet.exe
		.nuget\NuGet.targets = .nuget\NuGet.targets
	EndProjectSection
EndProject
Project("{FAE04EC0-301F-11D3-BF4B-00C04F79EFBC}") = "AzureTraining.Core", "AzureTraining.Core\AzureTraining.Core.csproj", "{551EAFDE-7698-4464-B3F7-5617BA428560}"
EndProject
Project("{FAE04EC0-301F-11D3-BF4B-00C04F79EFBC}") = "AzureTraining.Core.WindowsAzure", "AzureTraining.Core.WindowsAzure\AzureTraining.Core.WindowsAzure.csproj", "{6E810A50-41D8-4068-89D6-D62CC35EEA79}"
EndProject
Project("{FAE04EC0-301F-11D3-BF4B-00C04F79EFBC}") = "QLog", "QLog\QLog.csproj", "{FA9B4190-3FD1-4A54-9F8A-8A2E4A574551}"
EndProject
Global
	GlobalSection(SolutionConfigurationPlatforms) = preSolution
		Debug|Any CPU = Debug|Any CPU
		Release|Any CPU = Release|Any CPU
	EndGlobalSection
	GlobalSection(ProjectConfigurationPlatforms) = postSolution
		{B576C856-1EB9-42BE-A68F-A21B8DDB3E24}.Debug|Any CPU.ActiveCfg = Debug|Any CPU
		{B576C856-1EB9-42BE-A68F-A21B8DDB3E24}.Debug|Any CPU.Build.0 = Debug|Any CPU
		{B576C856-1EB9-42BE-A68F-A21B8DDB3E24}.Release|Any CPU.ActiveCfg = Release|Any CPU
		{B576C856-1EB9-42BE-A68F-A21B8DDB3E24}.Release|Any CPU.Build.0 = Release|Any CPU
		{AA4A93CE-D263-44A8-8F46-74FF4A5384F3}.Debug|Any CPU.ActiveCfg = Debug|Any CPU
		{AA4A93CE-D263-44A8-8F46-74FF4A5384F3}.Debug|Any CPU.Build.0 = Debug|Any CPU
		{AA4A93CE-D263-44A8-8F46-74FF4A5384F3}.Release|Any CPU.ActiveCfg = Release|Any CPU
		{AA4A93CE-D263-44A8-8F46-74FF4A5384F3}.Release|Any CPU.Build.0 = Release|Any CPU
		{15B3E0D2-6217-493A-A690-158C497F5318}.Debug|Any CPU.ActiveCfg = Debug|Any CPU
		{15B3E0D2-6217-493A-A690-158C497F5318}.Debug|Any CPU.Build.0 = Debug|Any CPU
		{15B3E0D2-6217-493A-A690-158C497F5318}.Release|Any CPU.ActiveCfg = Release|Any CPU
		{15B3E0D2-6217-493A-A690-158C497F5318}.Release|Any CPU.Build.0 = Release|Any CPU
		{551EAFDE-7698-4464-B3F7-5617BA428560}.Debug|Any CPU.ActiveCfg = Debug|Any CPU
		{551EAFDE-7698-4464-B3F7-5617BA428560}.Debug|Any CPU.Build.0 = Debug|Any CPU
		{551EAFDE-7698-4464-B3F7-5617BA428560}.Release|Any CPU.ActiveCfg = Release|Any CPU
		{551EAFDE-7698-4464-B3F7-5617BA428560}.Release|Any CPU.Build.0 = Release|Any CPU
		{6E810A50-41D8-4068-89D6-D62CC35EEA79}.Debug|Any CPU.ActiveCfg = Debug|Any CPU
		{6E810A50-41D8-4068-89D6-D62CC35EEA79}.Debug|Any CPU.Build.0 = Debug|Any CPU
		{6E810A50-41D8-4068-89D6-D62CC35EEA79}.Release|Any CPU.ActiveCfg = Release|Any CPU
		{6E810A50-41D8-4068-89D6-D62CC35EEA79}.Release|Any CPU.Build.0 = Release|Any CPU
		{FA9B4190-3FD1-4A54-9F8A-8A2E4A574551}.Debug|Any CPU.ActiveCfg = Debug|Any CPU
		{FA9B4190-3FD1-4A54-9F8A-8A2E4A574551}.Debug|Any CPU.Build.0 = Debug|Any CPU
		{FA9B4190-3FD1-4A54-9F8A-8A2E4A574551}.Release|Any CPU.ActiveCfg = Release|Any CPU
		{FA9B4190-3FD1-4A54-9F8A-8A2E4A574551}.Release|Any CPU.Build.0 = Release|Any CPU
	EndGlobalSection
	GlobalSection(SolutionProperties) = preSolution
		HideSolutionNode = FALSE
	EndGlobalSection
	GlobalSection(ExtensibilityGlobals) = postSolution
		EnterpriseLibraryConfigurationToolBinariesPath = packages\Unity.2.1.505.2\lib\NET35
	EndGlobalSection
EndGlobal
